
Microsoft Visual Studio Solution File, Format Version 12.00
# Visual Studio 15
VisualStudioVersion = 15.0.28307.539
MinimumVisualStudioVersion = 10.0.40219.1
Project("{9A19103F-16F7-4668-BE54-9A1E7A4F7556}") = "CosmosLoadDriver", "CosmosLoadDriver\CosmosLoadDriver.csproj", "{B0D03D1C-564D-419A-864F-E0E2CD18A6AB}"
EndProject
Project("{9A19103F-16F7-4668-BE54-9A1E7A4F7556}") = "CosmosBulkImport", "CosmosBulkImport\CosmosBulkImport.csproj", "{27E80E7E-1A69-4A9C-89DE-241BD1E6336A}"
EndProject
Project("{9A19103F-16F7-4668-BE54-9A1E7A4F7556}") = "MongoDbBenchmark", "MongoDbBenchmark\MongoDbBenchmark.csproj", "{95CD9C1B-BAEE-46CA-81ED-C34AB34F69FE}"
EndProject
Project("{FAE04EC0-301F-11D3-BF4B-00C04F79EFBC}") = "BenchmarkCommon", "BenchmarkCommon\BenchmarkCommon.csproj", "{FD184B13-3134-4D97-B5E0-2F5A0B1846B4}"
EndProject
Global
	GlobalSection(SolutionConfigurationPlatforms) = preSolution
		Debug|Any CPU = Debug|Any CPU
		Release|Any CPU = Release|Any CPU
	EndGlobalSection
	GlobalSection(ProjectConfigurationPlatforms) = postSolution
		{B0D03D1C-564D-419A-864F-E0E2CD18A6AB}.Debug|Any CPU.ActiveCfg = Debug|Any CPU
		{B0D03D1C-564D-419A-864F-E0E2CD18A6AB}.Debug|Any CPU.Build.0 = Debug|Any CPU
		{B0D03D1C-564D-419A-864F-E0E2CD18A6AB}.Release|Any CPU.ActiveCfg = Release|Any CPU
		{B0D03D1C-564D-419A-864F-E0E2CD18A6AB}.Release|Any CPU.Build.0 = Release|Any CPU
		{27E80E7E-1A69-4A9C-89DE-241BD1E6336A}.Debug|Any CPU.ActiveCfg = Debug|Any CPU
		{27E80E7E-1A69-4A9C-89DE-241BD1E6336A}.Debug|Any CPU.Build.0 = Debug|Any CPU
		{27E80E7E-1A69-4A9C-89DE-241BD1E6336A}.Release|Any CPU.ActiveCfg = Release|Any CPU
		{27E80E7E-1A69-4A9C-89DE-241BD1E6336A}.Release|Any CPU.Build.0 = Release|Any CPU
		{95CD9C1B-BAEE-46CA-81ED-C34AB34F69FE}.Debug|Any CPU.ActiveCfg = Debug|Any CPU
		{95CD9C1B-BAEE-46CA-81ED-C34AB34F69FE}.Debug|Any CPU.Build.0 = Debug|Any CPU
		{95CD9C1B-BAEE-46CA-81ED-C34AB34F69FE}.Release|Any CPU.ActiveCfg = Release|Any CPU
		{95CD9C1B-BAEE-46CA-81ED-C34AB34F69FE}.Release|Any CPU.Build.0 = Release|Any CPU
		{FD184B13-3134-4D97-B5E0-2F5A0B1846B4}.Debug|Any CPU.ActiveCfg = Debug|Any CPU
		{FD184B13-3134-4D97-B5E0-2F5A0B1846B4}.Debug|Any CPU.Build.0 = Debug|Any CPU
		{FD184B13-3134-4D97-B5E0-2F5A0B1846B4}.Release|Any CPU.ActiveCfg = Release|Any CPU
		{FD184B13-3134-4D97-B5E0-2F5A0B1846B4}.Release|Any CPU.Build.0 = Release|Any CPU
	EndGlobalSection
	GlobalSection(SolutionProperties) = preSolution
		HideSolutionNode = FALSE
	EndGlobalSection
	GlobalSection(ExtensibilityGlobals) = postSolution
		SolutionGuid = {008CD489-F1CD-418E-8055-9944BA6767E9}
	EndGlobalSection
EndGlobal
